
Microsoft Visual Studio Solution File, Format Version 12.00
# Visual Studio Version 16
VisualStudioVersion = 16.0.29806.167
MinimumVisualStudioVersion = 10.0.40219.1
Project("{FAE04EC0-301F-11D3-BF4B-00C04F79EFBC}") = "Fashionplex", "Fashionplex\Fashionplex.csproj", "{AAF6D998-CC5F-4F29-9310-794C1238311D}"
EndProject
Global
	GlobalSection(SolutionConfigurationPlatforms) = preSolution
		Debug|Any CPU = Debug|Any CPU
		Release|Any CPU = Release|Any CPU
	EndGlobalSection
	GlobalSection(ProjectConfigurationPlatforms) = postSolution
		{AAF6D998-CC5F-4F29-9310-794C1238311D}.Debug|Any CPU.ActiveCfg = Debug|Any CPU
		{AAF6D998-CC5F-4F29-9310-794C1238311D}.Debug|Any CPU.Build.0 = Debug|Any CPU
		{AAF6D998-CC5F-4F29-9310-794C1238311D}.Release|Any CPU.ActiveCfg = Release|Any CPU
		{AAF6D998-CC5F-4F29-9310-794C1238311D}.Release|Any CPU.Build.0 = Release|Any CPU
	EndGlobalSection
	GlobalSection(SolutionProperties) = preSolution
		HideSolutionNode = FALSE
	EndGlobalSection
	GlobalSection(ExtensibilityGlobals) = postSolution
		SolutionGuid = {95800E9E-1184-4566-B2A2-778D3C0DB313}
	EndGlobalSection
EndGlobal
